
Microsoft Visual Studio Solution File, Format Version 12.00
# Visual Studio Version 17
VisualStudioVersion = 17.4.33205.214
MinimumVisualStudioVersion = 10.0.40219.1
Project("{FAE04EC0-301F-11D3-BF4B-00C04F79EFBC}") = "Weapon_SHOP", "Weapon_SHOP\Weapon_SHOP.csproj", "{31BA022C-3EAB-4279-A4E0-3FCA1319B03C}"
EndProject
Global
	GlobalSection(SolutionConfigurationPlatforms) = preSolution
		Debug|Any CPU = Debug|Any CPU
		Release|Any CPU = Release|Any CPU
	EndGlobalSection
	GlobalSection(ProjectConfigurationPlatforms) = postSolution
		{31BA022C-3EAB-4279-A4E0-3FCA1319B03C}.Debug|Any CPU.ActiveCfg = Debug|Any CPU
		{31BA022C-3EAB-4279-A4E0-3FCA1319B03C}.Debug|Any CPU.Build.0 = Debug|Any CPU
		{31BA022C-3EAB-4279-A4E0-3FCA1319B03C}.Release|Any CPU.ActiveCfg = Release|Any CPU
		{31BA022C-3EAB-4279-A4E0-3FCA1319B03C}.Release|Any CPU.Build.0 = Release|Any CPU
	EndGlobalSection
	GlobalSection(SolutionProperties) = preSolution
		HideSolutionNode = FALSE
	EndGlobalSection
	GlobalSection(ExtensibilityGlobals) = postSolution
		SolutionGuid = {AFC7DA48-086B-4B40-BB52-751FF0849548}
	EndGlobalSection
EndGlobal
